
Microsoft Visual Studio Solution File, Format Version 12.00
# Visual Studio Version 16
VisualStudioVersion = 16.0.30309.148
MinimumVisualStudioVersion = 10.0.40219.1
Project("{FAE04EC0-301F-11D3-BF4B-00C04F79EFBC}") = "CLI", "CLI\CLI.csproj", "{90E8C151-5EC5-41E7-83BC-C81429B2D488}"
EndProject
Project("{FAE04EC0-301F-11D3-BF4B-00C04F79EFBC}") = "Servicios", "Servicios\Servicios.csproj", "{9F0D0680-837C-48ED-AA60-4DC890ACE145}"
EndProject
Global
	GlobalSection(SolutionConfigurationPlatforms) = preSolution
		Debug|Any CPU = Debug|Any CPU
		Release|Any CPU = Release|Any CPU
	EndGlobalSection
	GlobalSection(ProjectConfigurationPlatforms) = postSolution
		{90E8C151-5EC5-41E7-83BC-C81429B2D488}.Debug|Any CPU.ActiveCfg = Debug|Any CPU
		{90E8C151-5EC5-41E7-83BC-C81429B2D488}.Debug|Any CPU.Build.0 = Debug|Any CPU
		{90E8C151-5EC5-41E7-83BC-C81429B2D488}.Release|Any CPU.ActiveCfg = Release|Any CPU
		{90E8C151-5EC5-41E7-83BC-C81429B2D488}.Release|Any CPU.Build.0 = Release|Any CPU
		{9F0D0680-837C-48ED-AA60-4DC890ACE145}.Debug|Any CPU.ActiveCfg = Debug|Any CPU
		{9F0D0680-837C-48ED-AA60-4DC890ACE145}.Debug|Any CPU.Build.0 = Debug|Any CPU
		{9F0D0680-837C-48ED-AA60-4DC890ACE145}.Release|Any CPU.ActiveCfg = Release|Any CPU
		{9F0D0680-837C-48ED-AA60-4DC890ACE145}.Release|Any CPU.Build.0 = Release|Any CPU
	EndGlobalSection
	GlobalSection(SolutionProperties) = preSolution
		HideSolutionNode = FALSE
	EndGlobalSection
	GlobalSection(ExtensibilityGlobals) = postSolution
		SolutionGuid = {CC2F390F-4FE2-47A6-BF12-0623A1078F36}
	EndGlobalSection
EndGlobal
